
Microsoft Visual Studio Solution File, Format Version 12.00
# Visual Studio 15
VisualStudioVersion = 15.0.28307.136
MinimumVisualStudioVersion = 10.0.40219.1
Project("{9A19103F-16F7-4668-BE54-9A1E7A4F7556}") = "AWSLambdaS3", "AWSLambdaS3\AWSLambdaS3.csproj", "{12E66729-C6ED-4A59-8CAD-4690020052CC}"
EndProject
Project("{9A19103F-16F7-4668-BE54-9A1E7A4F7556}") = "AWSLambdaS3.Tests", "AWSLambdaS3.Tests\AWSLambdaS3.Tests.csproj", "{0BF6B9AD-7402-49B9-A167-677F2151A90F}"
EndProject
Global
	GlobalSection(SolutionConfigurationPlatforms) = preSolution
		Debug|Any CPU = Debug|Any CPU
		Release|Any CPU = Release|Any CPU
	EndGlobalSection
	GlobalSection(ProjectConfigurationPlatforms) = postSolution
		{12E66729-C6ED-4A59-8CAD-4690020052CC}.Debug|Any CPU.ActiveCfg = Debug|Any CPU
		{12E66729-C6ED-4A59-8CAD-4690020052CC}.Debug|Any CPU.Build.0 = Debug|Any CPU
		{12E66729-C6ED-4A59-8CAD-4690020052CC}.Release|Any CPU.ActiveCfg = Release|Any CPU
		{12E66729-C6ED-4A59-8CAD-4690020052CC}.Release|Any CPU.Build.0 = Release|Any CPU
		{0BF6B9AD-7402-49B9-A167-677F2151A90F}.Debug|Any CPU.ActiveCfg = Debug|Any CPU
		{0BF6B9AD-7402-49B9-A167-677F2151A90F}.Debug|Any CPU.Build.0 = Debug|Any CPU
		{0BF6B9AD-7402-49B9-A167-677F2151A90F}.Release|Any CPU.ActiveCfg = Release|Any CPU
		{0BF6B9AD-7402-49B9-A167-677F2151A90F}.Release|Any CPU.Build.0 = Release|Any CPU
	EndGlobalSection
	GlobalSection(SolutionProperties) = preSolution
		HideSolutionNode = FALSE
	EndGlobalSection
	GlobalSection(ExtensibilityGlobals) = postSolution
		SolutionGuid = {7C255C57-B707-4BAB-8DC6-0BEFF87FD036}
	EndGlobalSection
EndGlobal
